<?xml version="1.0" encoding="utf-8"?>
<Project ToolsVersion="4.0" xmlns="http://schemas.microsoft.com/developer/msbuild/2003">
  <ItemGroup>
    <Filter Include="Source Files">
      <UniqueIdentifier>{4FC737F1-C7A5-4376-A066-2A32D752A2FF}</UniqueIdentifier>
      <Extensions>qml;cpp;c;cc;cxx;def;odl;idl;hpj;bat;asm;asmx</Extensions>
    </Filter>
    <Filter Include="Header Files">
      <UniqueIdentifier>{93995380-89BD-4b04-88EB-625FBE52EBFB}</UniqueIdentifier>
      <Extensions>h;hh;hpp;hxx;hm;inl;inc;xsd</Extensions>
    </Filter>
    <Filter Include="Resource Files">
      <UniqueIdentifier>{67DA6AB6-F800-4c08-8B7A-83BB121AAD01}</UniqueIdentifier>
      <Extensions>qrc;rc;ico;cur;bmp;dlg;rc2;rct;bin;rgs;gif;jpg;jpeg;jpe;resx;tiff;tif;png;wav;mfcribbon-ms</Extensions>
    </Filter>
    <Filter Include="Translation Files">
      <UniqueIdentifier>{639EADAA-A684-42e4-A9AD-28FC9BCB8F7C}</UniqueIdentifier>
      <Extensions>ts</Extensions>
    </Filter>
  </ItemGroup>
  <ItemGroup>
    <ClCompile Include="main.cpp">
      <Filter>Source Files</Filter>
    </ClCompile>
    <QtRcc Include="qml.qrc">
      <Filter>Resource Files</Filter>
    </QtRcc>
    <None Include="main.qml">
      <Filter>Source Files</Filter>
    </None>
    <ClCompile Include="colorChooser.cpp">
      <Filter>Source Files</Filter>
    </ClCompile>
    <ClCompile Include="utility.cpp">
      <Filter>Source Files</Filter>
    </ClCompile>
    <ClCompile Include="imageLabel.cpp">
      <Filter>Source Files</Filter>
    </ClCompile>
    <ClCompile Include="colorChooserProcessModes.cpp">
      <Filter>Source Files</Filter>
    </ClCompile>
    <ClCompile Include="floss.cpp">
      <Filter>Source Files</Filter>
    </ClCompile>
    <ClCompile Include="colorLists.cpp">
      <Filter>Source Files</Filter>
    </ClCompile>
    <ClCompile Include="imageZoomWindow.cpp">
      <Filter>Source Files</Filter>
    </ClCompile>
    <ClCompile Include="buttonGrid.cpp">
      <Filter>Source Files</Filter>
    </ClCompile>
    <ClCompile Include="colorButton.cpp">
      <Filter>Source Files</Filter>
    </ClCompile>
    <ClCompile Include="colorCompare.cpp">
      <Filter>Source Files</Filter>
    </ClCompile>
    <ClCompile Include="colorDialog.cpp">
      <Filter>Source Files</Filter>
    </ClCompile>
    <ClCompile Include="comboBox.cpp">
      <Filter>Source Files</Filter>
    </ClCompile>
    <ClCompile Include="cancelAcceptDialogBase.cpp">
      <Filter>Source Files</Filter>
    </ClCompile>
    <ClCompile Include="detailToolDock.cpp">
      <Filter>Source Files</Filter>
    </ClCompile>
    <ClCompile Include="dimensionComputer.cpp">
      <Filter>Source Files</Filter>
    </ClCompile>
    <ClCompile Include="dockImage.cpp">
      <Filter>Source Files</Filter>
    </ClCompile>
    <ClCompile Include="dockListWidget.cpp">
      <Filter>Source Files</Filter>
    </ClCompile>
    <ClCompile Include="fileListMenu.cpp">
      <Filter>Source Files</Filter>
    </ClCompile>
    <ClCompile Include="helpBrowser.cpp">
      <Filter>Source Files</Filter>
    </ClCompile>
    <ClCompile Include="imageCompareBase.cpp">
      <Filter>Source Files</Filter>
    </ClCompile>
    <ClCompile Include="imageProcessing.cpp">
      <Filter>Source Files</Filter>
    </ClCompile>
    <ClCompile Include="imageSaverWindow.cpp">
      <Filter>Source Files</Filter>
    </ClCompile>
    <ClCompile Include="imageUtility.cpp">
      <Filter>Source Files</Filter>
    </ClCompile>
    <ClCompile Include="patternDockWidget.cpp">
      <Filter>Source Files</Filter>
    </ClCompile>
    <ClCompile Include="patternImageContainer.cpp">
      <Filter>Source Files</Filter>
    </ClCompile>
    <ClCompile Include="patternImageLabel.cpp">
      <Filter>Source Files</Filter>
    </ClCompile>
    <ClCompile Include="patternMetadata.cpp">
      <Filter>Source Files</Filter>
    </ClCompile>
    <ClCompile Include="patternPrinter.cpp">
      <Filter>Source Files</Filter>
    </ClCompile>
    <ClCompile Include="patternWindow.cpp">
      <Filter>Source Files</Filter>
    </ClCompile>
    <ClCompile Include="quickHelp.cpp">
      <Filter>Source Files</Filter>
    </ClCompile>
    <ClCompile Include="rareColorsDialog.cpp">
      <Filter>Source Files</Filter>
    </ClCompile>
    <ClCompile Include="sliderSpinBoxDialog.cpp">
      <Filter>Source Files</Filter>
    </ClCompile>
    <ClCompile Include="Source.cpp">
      <Filter>Source Files</Filter>
    </ClCompile>
    <ClCompile Include="squareDockTools.cpp">
      <Filter>Source Files</Filter>
    </ClCompile>
    <ClCompile Include="squareDockWidget.cpp">
      <Filter>Source Files</Filter>
    </ClCompile>
    <ClCompile Include="squareImageContainer.cpp">
      <Filter>Source Files</Filter>
    </ClCompile>
    <ClCompile Include="squareImageLabel.cpp">
      <Filter>Source Files</Filter>
    </ClCompile>
    <ClCompile Include="squareToolDock.cpp">
      <Filter>Source Files</Filter>
    </ClCompile>
    <ClCompile Include="squareToolHistories.cpp">
      <Filter>Source Files</Filter>
    </ClCompile>
    <ClCompile Include="squareTools.cpp">
      <Filter>Source Files</Filter>
    </ClCompile>
    <ClCompile Include="squareWindow.cpp">
      <Filter>Source Files</Filter>
    </ClCompile>
    <ClCompile Include="stepIndex.cpp">
      <Filter>Source Files</Filter>
    </ClCompile>
    <ClCompile Include="symbolButton.cpp">
      <Filter>Source Files</Filter>
    </ClCompile>
    <ClCompile Include="symbolChooser.cpp">
      <Filter>Source Files</Filter>
    </ClCompile>
    <ClCompile Include="symbolDialog.cpp">
      <Filter>Source Files</Filter>
    </ClCompile>
    <ClCompile Include="versionProcessing.cpp">
      <Filter>Source Files</Filter>
    </ClCompile>
    <ClCompile Include="windowManager.cpp">
      <Filter>Source Files</Filter>
    </ClCompile>
    <ClCompile Include="windowSavers.cpp">
      <Filter>Source Files</Filter>
    </ClCompile>
    <ClCompile Include="xmlUtility.cpp">
      <Filter>Source Files</Filter>
    </ClCompile>
  </ItemGroup>
  <ItemGroup>
    <QtMoc Include="colorChooser.h">
      <Filter>Header Files</Filter>
    </QtMoc>
    <QtMoc Include="imageZoomWindow.h">
      <Filter>Header Files</Filter>
    </QtMoc>
    <QtMoc Include="imageLabel.h">
      <Filter>Header Files</Filter>
    </QtMoc>
    <QtMoc Include="buttonGrid.h">
      <Filter>Header Files</Filter>
    </QtMoc>
    <QtMoc Include="cancelAcceptDialogBase.h">
      <Filter>Header Files</Filter>
    </QtMoc>
    <QtMoc Include="colorButton.h">
      <Filter>Header Files</Filter>
    </QtMoc>
    <QtMoc Include="colorCompare.h">
      <Filter>Header Files</Filter>
    </QtMoc>
    <QtMoc Include="colorDialog.h">
      <Filter>Header Files</Filter>
    </QtMoc>
    <QtMoc Include="detailToolDock.h">
      <Filter>Header Files</Filter>
    </QtMoc>
    <QtMoc Include="dimensionComputer.h">
      <Filter>Header Files</Filter>
    </QtMoc>
    <QtMoc Include="dockImage.h">
      <Filter>Header Files</Filter>
    </QtMoc>
    <QtMoc Include="dockListWidget.h">
      <Filter>Header Files</Filter>
    </QtMoc>
    <QtMoc Include="fileListMenu.h">
      <Filter>Header Files</Filter>
    </QtMoc>
    <QtMoc Include="helpBrowser.h">
      <Filter>Header Files</Filter>
    </QtMoc>
    <QtMoc Include="imageCompareBase.h">
      <Filter>Header Files</Filter>
    </QtMoc>
    <QtMoc Include="imageSaverWindow.h">
      <Filter>Header Files</Filter>
    </QtMoc>
    <QtMoc Include="mousePressLabel.h">
      <Filter>Header Files</Filter>
    </QtMoc>
    <QtMoc Include="patternDockWidget.h">
      <Filter>Header Files</Filter>
    </QtMoc>
    <QtMoc Include="patternImageContainer.h">
      <Filter>Header Files</Filter>
    </QtMoc>
    <QtMoc Include="patternImageLabel.h">
      <Filter>Header Files</Filter>
    </QtMoc>
    <QtMoc Include="patternMetadata.h">
      <Filter>Header Files</Filter>
    </QtMoc>
    <QtMoc Include="patternWindow.h">
      <Filter>Header Files</Filter>
    </QtMoc>
    <QtMoc Include="quickHelp.h">
      <Filter>Header Files</Filter>
    </QtMoc>
    <QtMoc Include="rareColorsDialog.h">
      <Filter>Header Files</Filter>
    </QtMoc>
    <QtMoc Include="squareDockTools.h">
      <Filter>Header Files</Filter>
    </QtMoc>
    <QtMoc Include="squareDockWidget.h">
      <Filter>Header Files</Filter>
    </QtMoc>
    <QtMoc Include="squareImageLabel.h">
      <Filter>Header Files</Filter>
    </QtMoc>
    <QtMoc Include="squareToolDock.h">
      <Filter>Header Files</Filter>
    </QtMoc>
    <QtMoc Include="squareWindow.h">
      <Filter>Header Files</Filter>
    </QtMoc>
    <QtMoc Include="symbolButton.h">
      <Filter>Header Files</Filter>
    </QtMoc>
    <QtMoc Include="symbolDialog.h">
      <Filter>Header Files</Filter>
    </QtMoc>
    <QtMoc Include="windowManager.h">
      <Filter>Header Files</Filter>
    </QtMoc>
  </ItemGroup>
  <ItemGroup>
    <ClInclude Include="colorChooserProcessModes.h">
      <Filter>Header Files</Filter>
    </ClInclude>
    <ClInclude Include="triC.h">
      <Filter>Header Files</Filter>
    </ClInclude>
    <ClInclude Include="utility.h">
      <Filter>Header Files</Filter>
    </ClInclude>
    <ClInclude Include="colorLists.h">
      <Filter>Header Files</Filter>
    </ClInclude>
    <ClInclude Include="floss.h">
      <Filter>Header Files</Filter>
    </ClInclude>
    <ClInclude Include="comboBox.h">
      <Filter>Header Files</Filter>
    </ClInclude>
    <ClInclude Include="resource.h">
      <Filter>Header Files</Filter>
    </ClInclude>
    <ClInclude Include="constWidthDock.h">
      <Filter>Header Files</Filter>
    </ClInclude>
    <ClInclude Include="grid.h">
      <Filter>Header Files</Filter>
    </ClInclude>
    <ClInclude Include="imageContainer.h">
      <Filter>Header Files</Filter>
    </ClInclude>
    <ClInclude Include="imageProcessing.h">
      <Filter>Header Files</Filter>
    </ClInclude>
    <ClInclude Include="imageUtility.h">
      <Filter>Header Files</Filter>
    </ClInclude>
    <ClInclude Include="leftRightAccessors.h">
      <Filter>Header Files</Filter>
    </ClInclude>
    <ClInclude Include="patternPrinter.h">
      <Filter>Header Files</Filter>
    </ClInclude>
    <ClInclude Include="sliderSpinBoxDialog.h">
      <Filter>Header Files</Filter>
    </ClInclude>
    <ClInclude Include="squareImageContainer.h">
      <Filter>Header Files</Filter>
    </ClInclude>
    <ClInclude Include="squareToolHistories.h">
      <Filter>Header Files</Filter>
    </ClInclude>
    <ClInclude Include="squareTools.h">
      <Filter>Header Files</Filter>
    </ClInclude>
    <ClInclude Include="stepIndex.h">
      <Filter>Header Files</Filter>
    </ClInclude>
    <ClInclude Include="symbolChooser.h">
      <Filter>Header Files</Filter>
    </ClInclude>
    <ClInclude Include="versionProcessing.h">
      <Filter>Header Files</Filter>
    </ClInclude>
    <ClInclude Include="windowSavers.h">
      <Filter>Header Files</Filter>
    </ClInclude>
    <ClInclude Include="xmlUtility.h">
      <Filter>Header Files</Filter>
    </ClInclude>
  </ItemGroup>
  <ItemGroup>
    <ResourceCompile Include="cstitch.rc">
      <Filter>Resource Files</Filter>
    </ResourceCompile>
  </ItemGroup>
</Project>